{
  "nodes": {
    "aagl": {
      "inputs": {
        "flake-compat": "flake-compat",
        "nixpkgs": [
          "nixpkgs"
        ],
        "rust-overlay": "rust-overlay"
      },
      "locked": {
        "lastModified": 1783689476,
        "narHash": "sha256-Ac4EGPZr9e+mPUdmavJFSTft4vgoXml40+YOFYKTXPg=",
        "owner": "ezKEa",
        "repo": "aagl-gtk-on-nix",
        "rev": "af94408291ad477cae8eed964981ab41f90eb184",
        "type": "github"
      },
      "original": {
        "owner": "ezKEa",
        "repo": "aagl-gtk-on-nix",
        "type": "github"
      }
    },
    "caelestia-cli": {
      "inputs": {
        "caelestia-shell": [
          "caelestia-shell"
        ],
        "nixpkgs": [
          "caelestia-shell",
          "nixpkgs"
        ]
      },
      "locked": {
        "lastModified": 1786674943,
        "narHash": "sha256-UwVo4emt9+GDslfabJfCkfO1uOqdhLroqByMEd9RpGk=",
        "owner": "caelestia-dots",
        "repo": "cli",
        "rev": "9857e1a5c4dad637a6220fa4290026559ba86c18",
        "type": "github"
      },
      "original": {
        "owner": "caelestia-dots",
        "repo": "cli",
        "type": "github"
      }
    },
    "caelestia-shell": {
      "inputs": {
        "caelestia-cli": "caelestia-cli",
        "m3shapes": "m3shapes",
        "nixpkgs": [
          "nixpkgs"
        ],
        "quickshell": "quickshell"
      },
      "locked": {
        "lastModified": 1787213170,
        "narHash": "sha256-Qvza1ASZ/LkqMB5rRZPt3scQ44yntt8IpwHlc+6kkPc=",
        "owner": "caelestia-dots",
        "repo": "shell",
        "rev": "b1c9bbd000735b987d664e1232ff85a7b90dfb1e",
        "type": "github"
      },
      "original": {
        "owner": "caelestia-dots",
        "repo": "shell",
        "type": "github"
      }
    },
    "flake-compat": {
      "flake": false,
      "locked": {
        "lastModified": 1767039857,
        "narHash": "sha256-vNpUSpF5Nuw8xvDLj2KCwwksIbjua2LZCqhV1LNRDns=",
        "owner": "edolstra",
        "repo": "flake-compat",
        "rev": "5edf11c44bc78a0d334f6334cdaf7d60d732daab",
        "type": "github"
      },
      "original": {
        "owner": "edolstra",
        "repo": "flake-compat",
        "type": "github"
      }
    },
    "flake-compat_2": {
      "flake": false,
      "locked": {
        "lastModified": 1747046372,
        "narHash": "sha256-CIVLLkVgvHYbgI2UpXvIIBJ12HWgX+fjA8Xf8PUmqCY=",
        "owner": "edolstra",
        "repo": "flake-compat",
        "rev": "9100a0f413b0c601e0533d1d94ffd501ce2e7885",
        "type": "github"
      },
      "original": {
        "owner": "edolstra",
        "repo": "flake-compat",
        "type": "github"
      }
    },
    "ie-r": {
      "inputs": {
        "nixpkgs": [
          "nixpkgs"
        ],
        "rust-overlay": "rust-overlay_2"
      },
      "locked": {
        "lastModified": 1778678612,
        "narHash": "sha256-MPeEQtJAWy8lQmA0xzyfXDZOt4XPYZAZ+07e/XytnII=",
        "owner": "miaupaw",
        "repo": "ie-r",
        "rev": "8dcc26b8268704e5238ab79bf0679b647a8f3213",
        "type": "github"
      },
      "original": {
        "owner": "miaupaw",
        "repo": "ie-r",
        "type": "github"
      }
    },
    "libnbtplusplus": {
      "flake": false,
      "locked": {
        "lastModified": 1772016279,
        "narHash": "sha256-7itkptyjoRcXfGLwg1/jxajetZ3a4mDc66+w4X6yW8s=",
        "owner": "PrismLauncher",
        "repo": "libnbtplusplus",
        "rev": "687e43031df0dc641984b4256bcca50d5b3f7de3",
        "type": "github"
      },
      "original": {
        "owner": "PrismLauncher",
        "repo": "libnbtplusplus",
        "type": "github"
      }
    },
    "m3shapes": {
      "flake": false,
      "locked": {
        "lastModified": 1781017666,
        "narHash": "sha256-kfHyzZaPHgqZML48OA+5JwBOsLdQJ2ci/aGPShvUB4Y=",
        "owner": "soramanew",
        "repo": "m3shapes",
        "rev": "bdc327b29f95394a732baf3c9b19658ba23755b6",
        "type": "github"
      },
      "original": {
        "owner": "soramanew",
        "repo": "m3shapes",
        "rev": "bdc327b29f95394a732baf3c9b19658ba23755b6",
        "type": "github"
      }
    },
    "nix-minecraft": {
      "inputs": {
        "flake-compat": "flake-compat_2",
        "nixpkgs": "nixpkgs_2",
        "systems": "systems"
      },
      "locked": {
        "lastModified": 1785208700,
        "narHash": "sha256-CWH9baHOJoqa7AH+WWgGXO9ULqnhIBaVSnaoYeb/Vlk=",
        "owner": "Infinidoge",
        "repo": "nix-minecraft",
        "rev": "38aff2958f87e29f463b549b79596ac46c6ab11b",
        "type": "github"
      },
      "original": {
        "owner": "Infinidoge",
        "repo": "nix-minecraft",
        "type": "github"
      }
    },
    "nixpkgs": {
      "locked": {
        "lastModified": 1744536153,
        "narHash": "sha256-awS2zRgF4uTwrOKwwiJcByDzDOdo3Q1rPZbiHQg/N38=",
        "owner": "NixOS",
        "repo": "nixpkgs",
        "rev": "18dd725c29603f582cf1900e0d25f9f1063dbf11",
        "type": "github"
      },
      "original": {
        "owner": "NixOS",
        "ref": "nixpkgs-unstable",
        "repo": "nixpkgs",
        "type": "github"
      }
    },
    "nixpkgs_2": {
      "locked": {
        "lastModified": 1769461804,
        "narHash": "sha256-msG8SU5WsBUfVVa/9RPLaymvi5bI8edTavbIq3vRlhI=",
        "owner": "nixos",
        "repo": "nixpkgs",
        "rev": "bfc1b8a4574108ceef22f02bafcf6611380c100d",
        "type": "github"
      },
      "original": {
        "owner": "nixos",
        "ref": "nixos-unstable",
        "repo": "nixpkgs",
        "type": "github"
      }
    },
    "nixpkgs_3": {
      "locked": {
        "lastModified": 1785090369,
        "narHash": "sha256-m0pDuRJG7EDo9ri+4Ksu83VsI+PlxNC9lNBfydejce4=",
        "owner": "nixos",
        "repo": "nixpkgs",
        "rev": "624af665418d3c65d544145b4d34ad696439570e",
        "type": "github"
      },
      "original": {
        "owner": "nixos",
        "ref": "nixos-unstable",
        "repo": "nixpkgs",
        "type": "github"
      }
    },
    "nixpkgs_4": {
      "locked": {
        "lastModified": 1753489912,
        "narHash": "sha256-uDCFHeXdRIgJpYmtcUxGEsZ+hYlLPBhR83fdU+vbC1s=",
        "owner": "NixOS",
        "repo": "nixpkgs",
        "rev": "13e8d35b7d6028b7198f8186bc0347c6abaa2701",
        "type": "github"
      },
      "original": {
        "id": "nixpkgs",
        "ref": "nixos-25.05",
        "type": "indirect"
      }
    },
    "prismlauncher": {
      "inputs": {
        "libnbtplusplus": "libnbtplusplus",
        "nixpkgs": [
          "nixpkgs"
        ]
      },
      "locked": {
        "lastModified": 1785234030,
        "narHash": "sha256-GJOPc0k4g5r+qii0hvyg2j9ZAibMf19xTROgO71oKaA=",
        "owner": "PrismLauncher",
        "repo": "PrismLauncher",
        "rev": "7174c26a90662fdedf736b7457b13a1a25f81f4e",
        "type": "github"
      },
      "original": {
        "owner": "PrismLauncher",
        "repo": "PrismLauncher",
        "type": "github"
      }
    },
    "putah": {
      "inputs": {
        "nixpkgs": "nixpkgs_4"
      },
      "locked": {
        "lastModified": 1754731464,
        "narHash": "sha256-vUDV0/j5RrER90G43Cb1fFpQc13CgmKnjJ8+PoozUXY=",
        "owner": "QuetzColito",
        "repo": "putah",
        "rev": "801d60086f6d68b445bf350c1b9737ef8b6a1024",
        "type": "github"
      },
      "original": {
        "owner": "QuetzColito",
        "repo": "putah",
        "type": "github"
      }
    },
    "quickshell": {
      "inputs": {
        "nixpkgs": [
          "caelestia-shell",
          "nixpkgs"
        ]
      },
      "locked": {
        "lastModified": 1785704021,
        "narHash": "sha256-eQtczKMAS4ItlB4pr1B3MqBZiyRVl2nkqNdtyRSQMa8=",
        "ref": "refs/heads/master",
        "rev": "28771c7c74b42e20afca0b1b63980cb46515537c",
        "revCount": 835,
        "type": "git",
        "url": "https://git.outfoxxed.me/outfoxxed/quickshell"
      },
      "original": {
        "type": "git",
        "url": "https://git.outfoxxed.me/outfoxxed/quickshell"
      }
    },
    "quickshell_2": {
      "inputs": {
        "nixpkgs": [
          "nixpkgs"
        ]
      },
      "locked": {
        "lastModified": 1785134238,
        "narHash": "sha256-bv5gar+ZAXZCJH7UOv0eRFILKt5RKA/3px/XbVR98Cg=",
        "ref": "refs/heads/master",
        "rev": "43d4fa9e883cb03239b3d578c9c57070f4fbd281",
        "revCount": 834,
        "type": "git",
        "url": "https://git.outfoxxed.me/outfoxxed/quickshell"
      },
      "original": {
        "type": "git",
        "url": "https://git.outfoxxed.me/outfoxxed/quickshell"
      }
    },
    "root": {
      "inputs": {
        "aagl": "aagl",
        "caelestia-shell": "caelestia-shell",
        "ie-r": "ie-r",
        "nix-minecraft": "nix-minecraft",
        "nixpkgs": "nixpkgs_3",
        "prismlauncher": "prismlauncher",
        "putah": "putah",
        "quickshell": "quickshell_2"
      }
    },
    "rust-overlay": {
      "inputs": {
        "nixpkgs": [
          "aagl",
          "nixpkgs"
        ]
      },
      "locked": {
        "lastModified": 1782875958,
        "narHash": "sha256-5eqDcnBjb1424HRQdnhuhNOBZguq1Z2tqSa2OMF/m2c=",
        "owner": "oxalica",
        "repo": "rust-overlay",
        "rev": "13139aefa973f3d96c60c0fbab801de058ae25ca",
        "type": "github"
      },
      "original": {
        "owner": "oxalica",
        "repo": "rust-overlay",
        "type": "github"
      }
    },
    "rust-overlay_2": {
      "inputs": {
        "nixpkgs": "nixpkgs"
      },
      "locked": {
        "lastModified": 1777519017,
        "narHash": "sha256-TXilQ8MwFFtZs7HSogSI/LJzAS63nicE8iF63iB93WM=",
        "owner": "oxalica",
        "repo": "rust-overlay",
        "rev": "09b556f18dacc39e97a46e0a1cba47af7b3af1d8",
        "type": "github"
      },
      "original": {
        "owner": "oxalica",
        "repo": "rust-overlay",
        "type": "github"
      }
    },
    "systems": {
      "locked": {
        "lastModified": 1681028828,
        "narHash": "sha256-Vy1rq5AaRuLzOxct8nz4T6wlgyUR7zLU309k9mBC768=",
        "owner": "nix-systems",
        "repo": "default",
        "rev": "da67096a3b9bf56a91d16901293e51ba5b49a27e",
        "type": "github"
      },
      "original": {
        "owner": "nix-systems",
        "repo": "default",
        "type": "github"
      }
    }
  },
  "root": "root",
  "version": 7
}
